
Microsoft Visual Studio Solution File, Format Version 12.00
# Visual Studio 15
VisualStudioVersion = 15.0.26124.0
MinimumVisualStudioVersion = 15.0.26124.0
Project("{FAE04EC0-301F-11D3-BF4B-00C04F79EFBC}") = "InfuseSync.Jellyfin", "InfuseSync\InfuseSync.Jellyfin.csproj", "{054AE498-0E3F-40B2-BAD9-5646A2BE24ED}"
EndProject
Global
	GlobalSection(SolutionConfigurationPlatforms) = preSolution
		Debug|Any CPU = Debug|Any CPU
		Release|Any CPU = Release|Any CPU
	EndGlobalSection
	GlobalSection(SolutionProperties) = preSolution
		HideSolutionNode = FALSE
	EndGlobalSection
	GlobalSection(ProjectConfigurationPlatforms) = postSolution
		{41CD3BB1-3523-4046-922B-BD83B012C65B}.Debug|Any CPU.ActiveCfg = Debug|Any CPU
		{41CD3BB1-3523-4046-922B-BD83B012C65B}.Debug|Any CPU.Build.0 = Debug|Any CPU
		{41CD3BB1-3523-4046-922B-BD83B012C65B}.Release|Any CPU.ActiveCfg = Release|Any CPU
		{41CD3BB1-3523-4046-922B-BD83B012C65B}.Release|Any CPU.Build.0 = Release|Any CPU
		{054AE498-0E3F-40B2-BAD9-5646A2BE24ED}.Debug|Any CPU.ActiveCfg = Debug|Any CPU
		{054AE498-0E3F-40B2-BAD9-5646A2BE24ED}.Debug|Any CPU.Build.0 = Debug|Any CPU
		{054AE498-0E3F-40B2-BAD9-5646A2BE24ED}.Release|Any CPU.ActiveCfg = Release|Any CPU
		{054AE498-0E3F-40B2-BAD9-5646A2BE24ED}.Release|Any CPU.Build.0 = Release|Any CPU
	EndGlobalSection
EndGlobal
